hash: 5d088105ed9c20f09d146f8427f2eb1c7ebc4bbea072f864f1e69a54df71ef43
updated: 2017-09-24T00:43:23.475038157-07:00
imports:
- name: github.com/beevik/etree
  version: 15a30b44cfd6c5a16a7ddfe271bf146aaf2d3195
- name: github.com/fatih/structs
  version: 7e5a8eef611ee84dd359503f3969f80df4c50723
- name: github.com/golang/mock
  version: c7d0ee73a597d1349404607d9f692cacd09cdc06
  subpackages:
  - gomock
  - mockgen
- name: github.com/gosimple/slug.git
  version: e9f42fa127660e552d0ad2b589868d403a9be7c6
- name: github.com/ikeikeikeike/go-sitemap-generator
  version: e3c3d374db77838e92e5981ba81f26d1ecea4aa8
  subpackages:
  - stm
- name: github.com/imdario/mergo
  version: e3000cb3d28c72b837601cac94debd91032d19fe
- name: github.com/joho/godotenv
  version: a79fa1e548e2c689c241d10173efd51e5d689d5b
  subpackages:
  - autoload
- name: github.com/kurrik/oauth1a
  version: cb1b80e32dd4385099f8d09312e4bcf6bdc993ec
- name: github.com/MariaTerzieva/gotumblr
  version: 93ca5e50a3fd2dfb6ed1613853520ba624bbbc64
- name: github.com/newrelic/go-agent
  version: 29ec3cd1bb2f21d21d36da37dae52695cb2c3a17
  subpackages:
  - internal
  - internal/jsonx
  - internal/logger
  - internal/sysinfo
  - internal/utilization
- name: github.com/pkg/errors
  version: 645ef00459ed84a119197bfb8d8205042c6df63d
- name: github.com/rainycape/unidecode
  version: cb7f23ec59bec0d61b19c56cd88cee3d0cc1870c
- name: github.com/satori/go.uuid
  version: 5bf94b69c6b68ee1b541973bb8e1144db23a194b
- name: golang.org/x/net
  version: 0744d001aa8470aaa53df28d32e5ceeb8af9bd70
  subpackages:
  - html
  - html/atom
testImports: []
