hash: 0892dfec59442bbce439f68633248cb9d76333f7aeb29760e0bba75d51fd582d
updated: 2017-04-02T21:38:52.570844056-07:00
imports:
- name: github.com/golang/mock
  version: bd3c8e81be01eef76d4b503f5e687d2d1354d2d9
  subpackages:
  - gomock
  - mockgen
- name: github.com/joho/godotenv
  version: 325433c502d409f3c3dc820098fb0cfe38d98dc7
  subpackages:
  - autoload
- name: github.com/kurrik/oauth1a
  version: cb1b80e32dd4385099f8d09312e4bcf6bdc993ec
- name: github.com/MariaTerzieva/gotumblr
  version: 4dbe615141d3a9104560271bed9a3fbeee5f012c
- name: golang.org/x/net
  version: ffcf1bedda3b04ebb15a168a59800a73d6dc0f4d
  subpackages:
  - html
testImports: []
