hash: d4eadc1484bde6d8db60add7f1eb367f5913280d5c2b2061107a1fde7cc4fa71
updated: 2017-04-02T21:35:41.61415474-07:00
imports:
- name: github.com/golang/mock
  version: bd3c8e81be01eef76d4b503f5e687d2d1354d2d9
  subpackages:
  - gomock
  - mockgen
- name: github.com/joho/godotenv
  version: 325433c502d409f3c3dc820098fb0cfe38d98dc7
  subpackages:
  - autoload
- name: github.com/kurrik/oauth1a
  version: cb1b80e32dd4385099f8d09312e4bcf6bdc993ec
- name: github.com/MariaTerzieva/gotumblr
  version: 4dbe615141d3a9104560271bed9a3fbeee5f012c
testImports: []
