# This file is autogenerated, do not edit; changes may be undone by the next 'dep ensure'.


[[projects]]
  branch = "master"
  digest = "1:1679c6d3f70383663742989fe101ef2134fd21fd3255741d6c26937cfe5aa98c"
  name = "github.com/MariaTerzieva/gotumblr"
  packages = ["."]
  pruneopts = "UT"
  revision = "93ca5e50a3fd2dfb6ed1613853520ba624bbbc64"

[[projects]]
  digest = "1:86f4db2ebb890731d1e9d65057afe43f27616b27a72db53e35605b16525c7a4b"
  name = "github.com/beevik/etree"
  packages = ["."]
  pruneopts = "UT"
  revision = "af219c0c7ea1b67ec263c0b1b1b96d284a9181ce"

[[projects]]
  digest = "1:e80d6e86264816fc5f6599ddbd3c9b0d968f798d3e945032a0655502714fcd0e"
  name = "github.com/fatih/structs"
  packages = ["."]
  pruneopts = "UT"
  revision = "f5faa72e73092639913f5833b75e1ac1d6bc7a63"

[[projects]]
  digest = "1:26f2ad8a198a88c3605401186a6be538326e7fbf1f14cb3ef4e0027c4f755f2a"
  name = "github.com/gofrs/uuid"
  packages = ["."]
  pruneopts = "UT"
  revision = "d41eeda0759468834c84365a32d1b1ec4264c75f"
  version = "v3.1.0"

[[projects]]
  digest = "1:492ed619f52ea17d1139585493efe633bd4307dbde75bd054284052250a6370a"
  name = "github.com/gosimple/slug.git"
  packages = ["."]
  pruneopts = "UT"
  revision = "91d42f4c3433698e88e87b17a3efbfe40b67c323"
  version = "v1.2.0"

[[projects]]
  digest = "1:562da11ceb80f0aab17651392cd0a208a2a0fdf0ec1e6f2f2c13609004019ab7"
  name = "github.com/ikeikeikeike/go-sitemap-generator"
  packages = ["stm"]
  pruneopts = "UT"
  revision = "e3c3d374db77838e92e5981ba81f26d1ecea4aa8"

[[projects]]
  digest = "1:1069357a2767ba898fd6c715fb15d005403e5becf9b2e747630fbdde2a340302"
  name = "github.com/imdario/mergo"
  packages = ["."]
  pruneopts = "UT"
  revision = "7fe0c75c13abdee74b09fcacef5ea1c6bba6a874"
  version = "0.2.4"

[[projects]]
  branch = "master"
  digest = "1:4284fea71b1cc4c0f70b09b7644ece56803ef9fe33ea58d6fd0b8aa6b84c21e6"
  name = "github.com/joho/godotenv"
  packages = [
    ".",
    "autoload",
  ]
  pruneopts = "UT"
  revision = "1709ab122c988931ad53508747b3c061400c2984"

[[projects]]
  branch = "master"
  digest = "1:015ec2f58ecfce943d539c530d1284d08e257c418bc717d79b173c635df8dd6b"
  name = "github.com/kurrik/oauth1a"
  packages = ["."]
  pruneopts = "UT"
  revision = "cb1b80e32dd4385099f8d09312e4bcf6bdc993ec"

[[projects]]
  digest = "1:01f60ec456e70c9be269902c08fa189a9d47056a419c4a91a02f19df5e36ab59"
  name = "github.com/newrelic/go-agent"
  packages = [
    ".",
    "internal",
    "internal/cat",
    "internal/jsonx",
    "internal/logger",
    "internal/sysinfo",
    "internal/utilization",
  ]
  pruneopts = "UT"
  revision = "46d73e6be8b4faeee70850d0df829e4fe00d6819"
  version = "v2.1.0"

[[projects]]
  digest = "1:40e195917a951a8bf867cd05de2a46aaf1806c50cf92eebf4c16f78cd196f747"
  name = "github.com/pkg/errors"
  packages = ["."]
  pruneopts = "UT"
  revision = "645ef00459ed84a119197bfb8d8205042c6df63d"
  version = "v0.8.0"

[[projects]]
  branch = "master"
  digest = "1:e6a29574542c00bb18adb1bfbe629ff88c468c2af2e2e953d3e58eda07165086"
  name = "github.com/rainycape/unidecode"
  packages = ["."]
  pruneopts = "UT"
  revision = "cb7f23ec59bec0d61b19c56cd88cee3d0cc1870c"

[[projects]]
  digest = "1:6dbdda95b5aacc0d4da77582c45e351d098f30fc32856058eaa774cde684d28a"
  name = "github.com/stvp/rollbar"
  packages = ["."]
  pruneopts = "UT"
  revision = "b20261800d8cda3be14dcef0d1a8320779bba61a"
  version = "v0.5.1"

[[projects]]
  digest = "1:f5f18cb8b3d01ab31615218fa06c1c7d4f5b80556e66b2adcc6b6f0c09c92101"
  name = "golang.org/x/net"
  packages = [
    "html",
    "html/atom",
  ]
  pruneopts = "UT"
  revision = "d866cfc389cec985d6fda2859936a575a55a3ab6"

[solve-meta]
  analyzer-name = "dep"
  analyzer-version = 1
  input-imports = [
    "github.com/MariaTerzieva/gotumblr",
    "github.com/gofrs/uuid",
    "github.com/gosimple/slug.git",
    "github.com/ikeikeikeike/go-sitemap-generator/stm",
    "github.com/joho/godotenv/autoload",
    "github.com/newrelic/go-agent",
    "github.com/pkg/errors",
    "github.com/stvp/rollbar",
    "golang.org/x/net/html",
  ]
  solver-name = "gps-cdcl"
  solver-version = 1
