# This file is autogenerated, do not edit; changes may be undone by the next 'dep ensure'.


[[projects]]
  digest = "1:bd8bc15ce3a9929e2777651cbc271fca5561c0d5f42187edb4720e638d24662d"
  name = "github.com/beevik/etree"
  packages = ["."]
  pruneopts = "UT"
  revision = "8aee6516be3b1163bb6450c35c50e4969e3a3aa8"
  version = "v1.1.0"

[[projects]]
  digest = "1:ffe9824d294da03b391f44e1ae8281281b4afc1bdaa9588c9097785e3af10cec"
  name = "github.com/davecgh/go-spew"
  packages = ["spew"]
  pruneopts = "UT"
  revision = "8991bc29aa16c548c550c7ff78260e27b9ab7c73"
  version = "v1.1.1"

[[projects]]
  digest = "1:af43bdaaf86655a2343f113e9b293bbc16b12099eaeb223982bbe4d4c22ba14d"
  name = "github.com/fatih/structs"
  packages = ["."]
  pruneopts = "UT"
  revision = "4966fc68f5b7593aafa6cbbba2d65ec6e1416047"
  version = "v1.1.0"

[[projects]]
  digest = "1:10582aa7bf5304e24a7b06a32421c5d7220e8862f0877509a8556b6e264eb99d"
  name = "github.com/gosimple/slug"
  packages = ["."]
  pruneopts = "UT"
  revision = "6c8aaf60a6bfd60c80cbe3f4ec5a2e24bcad884e"
  version = "v1.9.0"

[[projects]]
  digest = "1:2ce7bc6ca53267f9f68d84a00fa265e908f2de68c53a3c5ff4c11395ae186eeb"
  name = "github.com/ikeikeikeike/go-sitemap-generator"
  packages = ["stm"]
  pruneopts = "UT"
  revision = "6c48d31ace563179f911128a4e8ed9ffa9d7b401"
  version = "v2.0.2"

[[projects]]
  branch = "master"
  digest = "1:c690ce5435a26e04b32be8f68392fb050751c4e68a04a3117e9e9dcc7592f82d"
  name = "github.com/joho/godotenv"
  packages = ["."]
  pruneopts = "UT"
  revision = "d6ee6871f21dd95e76563a90f522ce9fe75443f8"

[[projects]]
  digest = "1:c8e141acf1595d54f6ee24642e40f39f7df5cb7aad8ad412452107655b7d9494"
  name = "github.com/newrelic/go-agent"
  packages = [
    "v3/internal",
    "v3/internal/cat",
    "v3/internal/jsonx",
    "v3/internal/logger",
    "v3/internal/sysinfo",
    "v3/internal/utilization",
    "v3/newrelic",
  ]
  pruneopts = "UT"
  revision = "de0daeceb386cd36dffa4b0d288886f672402196"
  version = "v3.3.0"

[[projects]]
  digest = "1:cf31692c14422fa27c83a05292eb5cbe0fb2775972e8f1f8446a71549bd8980b"
  name = "github.com/pkg/errors"
  packages = ["."]
  pruneopts = "UT"
  revision = "ba968bfe8b2f7e042a574c888954fccecfa385b4"
  version = "v0.8.1"

[[projects]]
  digest = "1:0028cb19b2e4c3112225cd871870f2d9cf49b9b4276531f03438a88e94be86fe"
  name = "github.com/pmezard/go-difflib"
  packages = ["difflib"]
  pruneopts = "UT"
  revision = "792786c7400a136282c1664665ae0a8db921c6c2"
  version = "v1.0.0"

[[projects]]
  branch = "master"
  digest = "1:e6a29574542c00bb18adb1bfbe629ff88c468c2af2e2e953d3e58eda07165086"
  name = "github.com/rainycape/unidecode"
  packages = ["."]
  pruneopts = "UT"
  revision = "cb7f23ec59bec0d61b19c56cd88cee3d0cc1870c"

[[projects]]
  digest = "1:45664418c24f2b108c39071adf241dc2dac4d6790026a44cd4192d7c925cf271"
  name = "github.com/rollbar/rollbar-go"
  packages = ["."]
  pruneopts = "UT"
  revision = "09607ac17f660e27a1e3d38b6e1ec728cefa1f72"
  version = "v1.2.0"

[[projects]]
  digest = "1:fa35b40a29ee68ab67ffcf3374027fb7f10c87e7ad197e10e058fb934b98f0fa"
  name = "github.com/stretchr/testify"
  packages = [
    "assert",
    "require",
    "suite",
  ]
  pruneopts = "UT"
  revision = "3ebf1ddaeb260c4b1ae502a01c7844fa8c1fa0e9"
  version = "v1.5.1"

[[projects]]
  digest = "1:19525e48b45af69339bd7c2812137dbd1e650a78fc09c7c75482e307d51aa28d"
  name = "go.uber.org/atomic"
  packages = ["."]
  pruneopts = "UT"
  revision = "845920076a298bdb984fb0f1b86052e4ca0a281c"
  version = "v1.6.0"

[[projects]]
  digest = "1:a23ddd39502ba94e2a72815a946d0edec801defcf0a0c0530d04acee1f455128"
  name = "go.uber.org/multierr"
  packages = ["."]
  pruneopts = "UT"
  revision = "b587143a48b62b01d337824eab43700af6ffe222"
  version = "v1.5.0"

[[projects]]
  digest = "1:7cf33d98a2a8d4ddb940ee365e1d93c334de32813767cf2e78bfb2774f6d78ec"
  name = "go.uber.org/zap"
  packages = [
    ".",
    "buffer",
    "internal/bufferpool",
    "internal/color",
    "internal/exit",
    "zapcore",
  ]
  pruneopts = "UT"
  revision = "c89bd3c833f56cad3bc6dfa104b9c6d144526145"
  version = "v1.14.0"

[[projects]]
  branch = "master"
  digest = "1:3403849330a8ab0adfff079dc6c6ad7bd8961a4a6891d05b9797063b4024f623"
  name = "golang.org/x/lint"
  packages = [
    ".",
    "golint",
  ]
  pruneopts = "UT"
  revision = "738671d3881b9731cc63024d5d88cf28db875626"

[[projects]]
  branch = "master"
  digest = "1:1050c11c1d756701b8a247428e7af6cdc4f45b5bca163ae8b9c78ea0e2455e87"
  name = "golang.org/x/tools"
  packages = [
    "go/ast/astutil",
    "go/gcexportdata",
    "go/internal/gcimporter",
    "go/types/typeutil",
  ]
  pruneopts = "UT"
  revision = "c312e98713c27a5d334454be5117a17cb36feaed"

[[projects]]
  digest = "1:55b110c99c5fdc4f14930747326acce56b52cfce60b24b1c03ef686ac0e46bb1"
  name = "gopkg.in/yaml.v2"
  packages = ["."]
  pruneopts = "UT"
  revision = "53403b58ad1b561927d19068c655246f2db79d48"
  version = "v2.2.8"

[solve-meta]
  analyzer-name = "dep"
  analyzer-version = 1
  input-imports = [
    "github.com/gosimple/slug",
    "github.com/ikeikeikeike/go-sitemap-generator/stm",
    "github.com/joho/godotenv",
    "github.com/newrelic/go-agent/v3/newrelic",
    "github.com/pkg/errors",
    "github.com/rollbar/rollbar-go",
    "github.com/stretchr/testify/assert",
    "github.com/stretchr/testify/suite",
    "go.uber.org/zap",
  ]
  solver-name = "gps-cdcl"
  solver-version = 1
